Microsoft Visual Studio Solution File, Format Version 12.00
# Visual Studio Version 17
VisualStudioVersion = 17.5.2.0
MinimumVisualStudioVersion = 10.0.40219.1
Project("{FAE04EC0-301F-11D3-BF4B-00C04F79EFBC}") = "PropertyManagement.WebAPI", "PropertyManagement.WebAPI.csproj", "{99B57A23-282B-3422-1533-8E3F0071CCC2}"
EndProject
Global
	GlobalSection(SolutionConfigurationPlatforms) = preSolution
		Debug|Any CPU = Debug|Any CPU
		Release|Any CPU = Release|Any CPU
	EndGlobalSection
	GlobalSection(ProjectConfigurationPlatforms) = postSolution
		{99B57A23-282B-3422-1533-8E3F0071CCC2}.Debug|Any CPU.ActiveCfg = Debug|Any CPU
		{99B57A23-282B-3422-1533-8E3F0071CCC2}.Debug|Any CPU.Build.0 = Debug|Any CPU
		{99B57A23-282B-3422-1533-8E3F0071CCC2}.Release|Any CPU.ActiveCfg = Release|Any CPU
		{99B57A23-282B-3422-1533-8E3F0071CCC2}.Release|Any CPU.Build.0 = Release|Any CPU
	EndGlobalSection
	GlobalSection(SolutionProperties) = preSolution
		HideSolutionNode = FALSE
	EndGlobalSection
	GlobalSection(ExtensibilityGlobals) = postSolution
		SolutionGuid = {DE57AD60-726E-4E57-91A4-C56D4D8D091F}
	EndGlobalSection
EndGlobal
